// !$*UTF8*$!
{
	archiveVersion = 1;
	classes = {
	};
	objectVersion = 45;
	objects = {

/* Begin PBXBuildFile section */
		1D60589B0D05DD56006BFB54 /* main.m in Sources */ = {isa = PBXBuildFile; fileRef = 29B97316FDCFA39411CA2CEA /* main.m */; };
		1D60589F0D05DD5A006BFB54 /* Foundation.framework in Frameworks */ = {isa = PBXBuildFile; fileRef = 1D30AB110D05D00D00671497 /* Foundation.framework */; };
		1DF5F4E00D08C38300B7A737 /* UIKit.framework in Frameworks */ = {isa = PBXBuildFile; fileRef = 1DF5F4DF0D08C38300B7A737 /* UIKit.framework */; };
		2860E328111B887F00E27156 /* AppDelegate_iPhone.m in Sources */ = {isa = PBXBuildFile; fileRef = 2860E326111B887F00E27156 /* AppDelegate_iPhone.m */; };
		2860E329111B887F00E27156 /* MainWindow_iPhone.xib in Resources */ = {isa = PBXBuildFile; fileRef = 2860E327111B887F00E27156 /* MainWindow_iPhone.xib */; };
		2860E32E111B888700E27156 /* AppDelegate_iPad.m in Sources */ = {isa = PBXBuildFile; fileRef = 2860E32C111B888700E27156 /* AppDelegate_iPad.m */; };
		2860E32F111B888700E27156 /* MainWindow_iPad.xib in Resources */ = {isa = PBXBuildFile; fileRef = 2860E32D111B888700E27156 /* MainWindow_iPad.xib */; };
		288765FD0DF74451002DB57D /* CoreGraphics.framework in Frameworks */ = {isa = PBXBuildFile; fileRef = 288765FC0DF74451002DB57D /* CoreGraphics.framework */; };
		D92EA17913D44C110026D8B1 /* SliderViewController.m in Sources */ = {isa = PBXBuildFile; fileRef = D92EA17813D44C110026D8B1 /* SliderViewController.m */; };
		D92EA18B13D468480026D8B1 /* PDFLoader.m in Sources */ = {isa = PBXBuildFile; fileRef = D92EA18A13D468480026D8B1 /* PDFLoader.m */; };
		D92EA1AD13D470F70026D8B1 /* PDFPageRenderer.m in Sources */ = {isa = PBXBuildFile; fileRef = D92EA1AC13D470F70026D8B1 /* PDFPageRenderer.m */; };
		D92EA1D613D483530026D8B1 /* GraphicsUtils.m in Sources */ = {isa = PBXBuildFile; fileRef = D92EA1D513D483530026D8B1 /* GraphicsUtils.m */; };
		D92EA1FC13D487600026D8B1 /* mobile.pdf in Resources */ = {isa = PBXBuildFile; fileRef = D92EA1FB13D487600026D8B1 /* mobile.pdf */; };
		D98BE48013D704E500B35FCD /* PDFPageOperation.m in Sources */ = {isa = PBXBuildFile; fileRef = D98BE47F13D704E500B35FCD /* PDFPageOperation.m */; };
		D98BE60213D72B7900B35FCD /* CachingTool.m in Sources */ = {isa = PBXBuildFile; fileRef = D98BE60113D72B7900B35FCD /* CachingTool.m */; };
		D98BE60513D72F6000B35FCD /* NSFileUtility.m in Sources */ = {isa = PBXBuildFile; fileRef = D98BE60413D72F6000B35FCD /* NSFileUtility.m */; };
		D98F28F813D57078005BFC94 /* SliderDelegate.m in Sources */ = {isa = PBXBuildFile; fileRef = D98F28F713D57078005BFC94 /* SliderDelegate.m */; };
		D98F2DEA13D58AAF005BFC94 /* PDFImageLoader.m in Sources */ = {isa = PBXBuildFile; fileRef = D98F2DE413D58AAF005BFC94 /* PDFImageLoader.m */; };
		D98F2DEB13D58AAF005BFC94 /* BlockingQueue.m in Sources */ = {isa = PBXBuildFile; fileRef = D98F2DE713D58AAF005BFC94 /* BlockingQueue.m */; };
		D98F2DEC13D58AAF005BFC94 /* InvocationUtil.m in Sources */ = {isa = PBXBuildFile; fileRef = D98F2DE913D58AAF005BFC94 /* InvocationUtil.m */; };
		D9B9C1D613DB228A00F9D700 /* PDFPageView.m in Sources */ = {isa = PBXBuildFile; fileRef = D9B9C1D513DB228A00F9D700 /* PDFPageView.m */; };
		D9B9C1F813DB28BC00F9D700 /* LinkVIew.m in Sources */ = {isa = PBXBuildFile; fileRef = D9B9C1F713DB28BC00F9D700 /* LinkVIew.m */; };
/* End PBXBuildFile section */

/* Begin PBXFileReference section */
		1D30AB110D05D00D00671497 /* Foundation.framework */ = {isa = PBXFileReference; lastKnownFileType = wrapper.framework; name = Foundation.framework; path = System/Library/Frameworks/Foundation.framework; sourceTree = SDKROOT; };
		1D6058910D05DD3D006BFB54 /* testslider.app */ = {isa = PBXFileReference; explicitFileType = wrapper.application; includeInIndex = 0; path = testslider.app; sourceTree = BUILT_PRODUCTS_DIR; };
		1DF5F4DF0D08C38300B7A737 /* UIKit.framework */ = {isa = PBXFileReference; lastKnownFileType = wrapper.framework; name = UIKit.framework; path = System/Library/Frameworks/UIKit.framework; sourceTree = SDKROOT; };
		2860E325111B887F00E27156 /* AppDelegate_iPhone.h */ = {isa = PBXFileReference; fileEncoding = 4; lastKnownFileType = sourcecode.c.h; path = AppDelegate_iPhone.h; sourceTree = "<group>"; };
		2860E326111B887F00E27156 /* AppDelegate_iPhone.m */ = {isa = PBXFileReference; fileEncoding = 4; lastKnownFileType = sourcecode.c.objc; path = AppDelegate_iPhone.m; sourceTree = "<group>"; };
		2860E327111B887F00E27156 /* MainWindow_iPhone.xib */ = {isa = PBXFileReference; lastKnownFileType = file.xib; path = MainWindow_iPhone.xib; sourceTree = "<group>"; };
		2860E32B111B888700E27156 /* AppDelegate_iPad.h */ = {isa = PBXFileReference; fileEncoding = 4; lastKnownFileType = sourcecode.c.h; path = AppDelegate_iPad.h; sourceTree = "<group>"; };
		2860E32C111B888700E27156 /* AppDelegate_iPad.m */ = {isa = PBXFileReference; fileEncoding = 4; lastKnownFileType = sourcecode.c.objc; path = AppDelegate_iPad.m; sourceTree = "<group>"; };
		2860E32D111B888700E27156 /* MainWindow_iPad.xib */ = {isa = PBXFileReference; lastKnownFileType = file.xib; path = MainWindow_iPad.xib; sourceTree = "<group>"; };
		288765FC0DF74451002DB57D /* CoreGraphics.framework */ = {isa = PBXFileReference; lastKnownFileType = wrapper.framework; name = CoreGraphics.framework; path = System/Library/Frameworks/CoreGraphics.framework; sourceTree = SDKROOT; };
		29B97316FDCFA39411CA2CEA /* main.m */ = {isa = PBXFileReference; fileEncoding = 4; lastKnownFileType = sourcecode.c.objc; name = main.m; path = Shared/main.m; sourceTree = "<group>"; };
		32CA4F630368D1EE00C91783 /* testslider_Prefix.pch */ = {isa = PBXFileReference; fileEncoding = 4; lastKnownFileType = sourcecode.c.h; path = testslider_Prefix.pch; sourceTree = "<group>"; };
		8D1107310486CEB800E47090 /* testslider-Info.plist */ = {isa = PBXFileReference; fileEncoding = 4; lastKnownFileType = text.plist.xml; path = "testslider-Info.plist"; plistStructureDefinitionIdentifier = "com.apple.xcode.plist.structure-definition.iphone.info-plist"; sourceTree = "<group>"; };
		D92EA17713D44C110026D8B1 /* SliderViewController.h */ = {isa = PBXFileReference; fileEncoding = 4; lastKnownFileType = sourcecode.c.h; path = SliderViewController.h; sourceTree = "<group>"; };
		D92EA17813D44C110026D8B1 /* SliderViewController.m */ = {isa = PBXFileReference; fileEncoding = 4; lastKnownFileType = sourcecode.c.objc; path = SliderViewController.m; sourceTree = "<group>"; };
		D92EA18913D468480026D8B1 /* PDFLoader.h */ = {isa = PBXFileReference; fileEncoding = 4; lastKnownFileType = sourcecode.c.h; path = PDFLoader.h; sourceTree = "<group>"; };
		D92EA18A13D468480026D8B1 /* PDFLoader.m */ = {isa = PBXFileReference; fileEncoding = 4; lastKnownFileType = sourcecode.c.objc; path = PDFLoader.m; sourceTree = "<group>"; };
		D92EA1AB13D470F70026D8B1 /* PDFPageRenderer.h */ = {isa = PBXFileReference; fileEncoding = 4; lastKnownFileType = sourcecode.c.h; path = PDFPageRenderer.h; sourceTree = "<group>"; };
		D92EA1AC13D470F70026D8B1 /* PDFPageRenderer.m */ = {isa = PBXFileReference; fileEncoding = 4; lastKnownFileType = sourcecode.c.objc; path = PDFPageRenderer.m; sourceTree = "<group>"; };
		D92EA1D413D483530026D8B1 /* GraphicsUtils.h */ = {isa = PBXFileReference; fileEncoding = 4; lastKnownFileType = sourcecode.c.h; path = GraphicsUtils.h; sourceTree = "<group>"; };
		D92EA1D513D483530026D8B1 /* GraphicsUtils.m */ = {isa = PBXFileReference; fileEncoding = 4; lastKnownFileType = sourcecode.c.objc; path = GraphicsUtils.m; sourceTree = "<group>"; };
		D92EA1FB13D487600026D8B1 /* mobile.pdf */ = {isa = PBXFileReference; lastKnownFileType = image.pdf; path = mobile.pdf; sourceTree = "<group>"; };
		D98BE39013D9603500DEF407 /* SliderHeader.h */ = {isa = PBXFileReference; fileEncoding = 4; lastKnownFileType = sourcecode.c.h; path = SliderHeader.h; sourceTree = "<group>"; };
		D98BE47E13D704E500B35FCD /* PDFPageOperation.h */ = {isa = PBXFileReference; fileEncoding = 4; lastKnownFileType = sourcecode.c.h; path = PDFPageOperation.h; sourceTree = "<group>"; };
		D98BE47F13D704E500B35FCD /* PDFPageOperation.m */ = {isa = PBXFileReference; fileEncoding = 4; lastKnownFileType = sourcecode.c.objc; path = PDFPageOperation.m; sourceTree = "<group>"; };
		D98BE60013D72B7900B35FCD /* CachingTool.h */ = {isa = PBXFileReference; fileEncoding = 4; lastKnownFileType = sourcecode.c.h; path = CachingTool.h; sourceTree = "<group>"; };
		D98BE60113D72B7900B35FCD /* CachingTool.m */ = {isa = PBXFileReference; fileEncoding = 4; lastKnownFileType = sourcecode.c.objc; path = CachingTool.m; sourceTree = "<group>"; };
		D98BE60313D72F6000B35FCD /* NSFileUtility.h */ = {isa = PBXFileReference; fileEncoding = 4; lastKnownFileType = sourcecode.c.h; path = NSFileUtility.h; sourceTree = "<group>"; };
		D98BE60413D72F6000B35FCD /* NSFileUtility.m */ = {isa = PBXFileReference; fileEncoding = 4; lastKnownFileType = sourcecode.c.objc; path = NSFileUtility.m; sourceTree = "<group>"; };
		D98F28F613D57078005BFC94 /* SliderDelegate.h */ = {isa = PBXFileReference; fileEncoding = 4; lastKnownFileType = sourcecode.c.h; path = SliderDelegate.h; sourceTree = "<group>"; };
		D98F28F713D57078005BFC94 /* SliderDelegate.m */ = {isa = PBXFileReference; fileEncoding = 4; lastKnownFileType = sourcecode.c.objc; path = SliderDelegate.m; sourceTree = "<group>"; };
		D98F2DE313D58AAF005BFC94 /* PDFImageLoader.h */ = {isa = PBXFileReference; fileEncoding = 4; lastKnownFileType = sourcecode.c.h; path = PDFImageLoader.h; sourceTree = "<group>"; };
		D98F2DE413D58AAF005BFC94 /* PDFImageLoader.m */ = {isa = PBXFileReference; fileEncoding = 4; lastKnownFileType = sourcecode.c.objc; path = PDFImageLoader.m; sourceTree = "<group>"; };
		D98F2DE613D58AAF005BFC94 /* BlockingQueue.h */ = {isa = PBXFileReference; fileEncoding = 4; lastKnownFileType = sourcecode.c.h; path = BlockingQueue.h; sourceTree = "<group>"; };
		D98F2DE713D58AAF005BFC94 /* BlockingQueue.m */ = {isa = PBXFileReference; fileEncoding = 4; lastKnownFileType = sourcecode.c.objc; path = BlockingQueue.m; sourceTree = "<group>"; };
		D98F2DE813D58AAF005BFC94 /* InvocationUtil.h */ = {isa = PBXFileReference; fileEncoding = 4; lastKnownFileType = sourcecode.c.h; path = InvocationUtil.h; sourceTree = "<group>"; };
		D98F2DE913D58AAF005BFC94 /* InvocationUtil.m */ = {isa = PBXFileReference; fileEncoding = 4; lastKnownFileType = sourcecode.c.objc; path = InvocationUtil.m; sourceTree = "<group>"; };
		D9B9C1D413DB228A00F9D700 /* PDFPageView.h */ = {isa = PBXFileReference; fileEncoding = 4; lastKnownFileType = sourcecode.c.h; path = PDFPageView.h; sourceTree = "<group>"; };
		D9B9C1D513DB228A00F9D700 /* PDFPageView.m */ = {isa = PBXFileReference; fileEncoding = 4; lastKnownFileType = sourcecode.c.objc; path = PDFPageView.m; sourceTree = "<group>"; };
		D9B9C1F613DB28BC00F9D700 /* LinkVIew.h */ = {isa = PBXFileReference; fileEncoding = 4; path = LinkVIew.h; sourceTree = "<group>"; };
		D9B9C1F713DB28BC00F9D700 /* LinkVIew.m */ = {isa = PBXFileReference; fileEncoding = 4; lastKnownFileType = sourcecode.c.objc; path = LinkVIew.m; sourceTree = "<group>"; };
/* End PBXFileReference section */

/* Begin PBXFrameworksBuildPhase section */
		1D60588F0D05DD3D006BFB54 /* Frameworks */ = {
			isa = PBXFrameworksBuildPhase;
			buildActionMask = 2147483647;
			files = (
				1D60589F0D05DD5A006BFB54 /* Foundation.framework in Frameworks */,
				1DF5F4E00D08C38300B7A737 /* UIKit.framework in Frameworks */,
				288765FD0DF74451002DB57D /* CoreGraphics.framework in Frameworks */,
			);
			runOnlyForDeploymentPostprocessing = 0;
		};
/* End PBXFrameworksBuildPhase section */

/* Begin PBXGroup section */
		19C28FACFE9D520D11CA2CBB /* Products */ = {
			isa = PBXGroup;
			children = (
				1D6058910D05DD3D006BFB54 /* testslider.app */,
			);
			name = Products;
			sourceTree = "<group>";
		};
		2860E324111B887F00E27156 /* iPhone */ = {
			isa = PBXGroup;
			children = (
				2860E325111B887F00E27156 /* AppDelegate_iPhone.h */,
				2860E326111B887F00E27156 /* AppDelegate_iPhone.m */,
				2860E327111B887F00E27156 /* MainWindow_iPhone.xib */,
			);
			path = iPhone;
			sourceTree = "<group>";
		};
		2860E32A111B888700E27156 /* iPad */ = {
			isa = PBXGroup;
			children = (
				2860E32B111B888700E27156 /* AppDelegate_iPad.h */,
				2860E32C111B888700E27156 /* AppDelegate_iPad.m */,
				2860E32D111B888700E27156 /* MainWindow_iPad.xib */,
			);
			path = iPad;
			sourceTree = "<group>";
		};
		28EEBF621118D79A00187D67 /* Shared */ = {
			isa = PBXGroup;
			children = (
				D98F2DE213D58AAF005BFC94 /* ImageLoader */,
				D92EA1D313D483460026D8B1 /* Utilities */,
				D92EA1AE13D472430026D8B1 /* PDF */,
				8D1107310486CEB800E47090 /* testslider-Info.plist */,
				D92EA17713D44C110026D8B1 /* SliderViewController.h */,
				D92EA17813D44C110026D8B1 /* SliderViewController.m */,
				D92EA18913D468480026D8B1 /* PDFLoader.h */,
				D92EA18A13D468480026D8B1 /* PDFLoader.m */,
				D98F28F613D57078005BFC94 /* SliderDelegate.h */,
				D98F28F713D57078005BFC94 /* SliderDelegate.m */,
				D98BE39013D9603500DEF407 /* SliderHeader.h */,
			);
			name = Shared;
			sourceTree = "<group>";
		};
		29B97314FDCFA39411CA2CEA /* CustomTemplate */ = {
			isa = PBXGroup;
			children = (
				D92EA1FB13D487600026D8B1 /* mobile.pdf */,
				2860E32A111B888700E27156 /* iPad */,
				2860E324111B887F00E27156 /* iPhone */,
				28EEBF621118D79A00187D67 /* Shared */,
				29B97315FDCFA39411CA2CEA /* Other Sources */,
				29B97323FDCFA39411CA2CEA /* Frameworks */,
				19C28FACFE9D520D11CA2CBB /* Products */,
			);
			name = CustomTemplate;
			sourceTree = "<group>";
		};
		29B97315FDCFA39411CA2CEA /* Other Sources */ = {
			isa = PBXGroup;
			children = (
				32CA4F630368D1EE00C91783 /* testslider_Prefix.pch */,
				29B97316FDCFA39411CA2CEA /* main.m */,
			);
			name = "Other Sources";
			sourceTree = "<group>";
		};
		29B97323FDCFA39411CA2CEA /* Frameworks */ = {
			isa = PBXGroup;
			children = (
				1DF5F4DF0D08C38300B7A737 /* UIKit.framework */,
				1D30AB110D05D00D00671497 /* Foundation.framework */,
				288765FC0DF74451002DB57D /* CoreGraphics.framework */,
			);
			name = Frameworks;
			sourceTree = "<group>";
		};
		D92EA1AE13D472430026D8B1 /* PDF */ = {
			isa = PBXGroup;
			children = (
				D92EA1AB13D470F70026D8B1 /* PDFPageRenderer.h */,
				D92EA1AC13D470F70026D8B1 /* PDFPageRenderer.m */,
				D9B9C1D413DB228A00F9D700 /* PDFPageView.h */,
				D9B9C1D513DB228A00F9D700 /* PDFPageView.m */,
				D9B9C1F613DB28BC00F9D700 /* LinkVIew.h */,
				D9B9C1F713DB28BC00F9D700 /* LinkVIew.m */,
			);
			name = PDF;
			sourceTree = "<group>";
		};
		D92EA1D313D483460026D8B1 /* Utilities */ = {
			isa = PBXGroup;
			children = (
				D98BE60313D72F6000B35FCD /* NSFileUtility.h */,
				D98BE60413D72F6000B35FCD /* NSFileUtility.m */,
				D98F2DE513D58AAF005BFC94 /* BlockingQueue */,
				D98F2DE813D58AAF005BFC94 /* InvocationUtil.h */,
				D98F2DE913D58AAF005BFC94 /* InvocationUtil.m */,
				D92EA1D413D483530026D8B1 /* GraphicsUtils.h */,
				D92EA1D513D483530026D8B1 /* GraphicsUtils.m */,
			);
			name = Utilities;
			sourceTree = "<group>";
		};
		D98F2DE213D58AAF005BFC94 /* ImageLoader */ = {
			isa = PBXGroup;
			children = (
				D98F2DE313D58AAF005BFC94 /* PDFImageLoader.h */,
				D98F2DE413D58AAF005BFC94 /* PDFImageLoader.m */,
				D98BE47E13D704E500B35FCD /* PDFPageOperation.h */,
				D98BE47F13D704E500B35FCD /* PDFPageOperation.m */,
				D98BE60013D72B7900B35FCD /* CachingTool.h */,
				D98BE60113D72B7900B35FCD /* CachingTool.m */,
			);
			path = ImageLoader;
			sourceTree = "<group>";
		};
		D98F2DE513D58AAF005BFC94 /* BlockingQueue */ = {
			isa = PBXGroup;
			children = (
				D98F2DE613D58AAF005BFC94 /* BlockingQueue.h */,
				D98F2DE713D58AAF005BFC94 /* BlockingQueue.m */,
			);
			path = BlockingQueue;
			sourceTree = "<group>";
		};
/* End PBXGroup section */

/* Begin PBXNativeTarget section */
		1D6058900D05DD3D006BFB54 /* testslider */ = {
			isa = PBXNativeTarget;
			buildConfigurationList = 1D6058960D05DD3E006BFB54 /* Build configuration list for PBXNativeTarget "testslider" */;
			buildPhases = (
				1D60588D0D05DD3D006BFB54 /* Resources */,
				1D60588E0D05DD3D006BFB54 /* Sources */,
				1D60588F0D05DD3D006BFB54 /* Frameworks */,
			);
			buildRules = (
			);
			dependencies = (
			);
			name = testslider;
			productName = testslider;
			productReference = 1D6058910D05DD3D006BFB54 /* testslider.app */;
			productType = "com.apple.product-type.application";
		};
/* End PBXNativeTarget section */

/* Begin PBXProject section */
		29B97313FDCFA39411CA2CEA /* Project object */ = {
			isa = PBXProject;
			buildConfigurationList = C01FCF4E08A954540054247B /* Build configuration list for PBXProject "testslider" */;
			compatibilityVersion = "Xcode 3.1";
			developmentRegion = English;
			hasScannedForEncodings = 1;
			knownRegions = (
				English,
				Japanese,
				French,
				German,
			);
			mainGroup = 29B97314FDCFA39411CA2CEA /* CustomTemplate */;
			projectDirPath = "";
			projectRoot = "";
			targets = (
				1D6058900D05DD3D006BFB54 /* testslider */,
			);
		};
/* End PBXProject section */

/* Begin PBXResourcesBuildPhase section */
		1D60588D0D05DD3D006BFB54 /* Resources */ = {
			isa = PBXResourcesBuildPhase;
			buildActionMask = 2147483647;
			files = (
				2860E329111B887F00E27156 /* MainWindow_iPhone.xib in Resources */,
				2860E32F111B888700E27156 /* MainWindow_iPad.xib in Resources */,
				D92EA1FC13D487600026D8B1 /* mobile.pdf in Resources */,
			);
			runOnlyForDeploymentPostprocessing = 0;
		};
/* End PBXResourcesBuildPhase section */

/* Begin PBXSourcesBuildPhase section */
		1D60588E0D05DD3D006BFB54 /* Sources */ = {
			isa = PBXSourcesBuildPhase;
			buildActionMask = 2147483647;
			files = (
				1D60589B0D05DD56006BFB54 /* main.m in Sources */,
				2860E328111B887F00E27156 /* AppDelegate_iPhone.m in Sources */,
				2860E32E111B888700E27156 /* AppDelegate_iPad.m in Sources */,
				D92EA17913D44C110026D8B1 /* SliderViewController.m in Sources */,
				D92EA18B13D468480026D8B1 /* PDFLoader.m in Sources */,
				D92EA1AD13D470F70026D8B1 /* PDFPageRenderer.m in Sources */,
				D92EA1D613D483530026D8B1 /* GraphicsUtils.m in Sources */,
				D98F28F813D57078005BFC94 /* SliderDelegate.m in Sources */,
				D98F2DEA13D58AAF005BFC94 /* PDFImageLoader.m in Sources */,
				D98F2DEB13D58AAF005BFC94 /* BlockingQueue.m in Sources */,
				D98F2DEC13D58AAF005BFC94 /* InvocationUtil.m in Sources */,
				D98BE48013D704E500B35FCD /* PDFPageOperation.m in Sources */,
				D98BE60213D72B7900B35FCD /* CachingTool.m in Sources */,
				D98BE60513D72F6000B35FCD /* NSFileUtility.m in Sources */,
				D9B9C1D613DB228A00F9D700 /* PDFPageView.m in Sources */,
				D9B9C1F813DB28BC00F9D700 /* LinkVIew.m in Sources */,
			);
			runOnlyForDeploymentPostprocessing = 0;
		};
/* End PBXSourcesBuildPhase section */

/* Begin XCBuildConfiguration section */
		1D6058940D05DD3E006BFB54 /* Debug */ = {
			isa = XCBuildConfiguration;
			buildSettings = {
				ALWAYS_SEARCH_USER_PATHS = NO;
				COPY_PHASE_STRIP = NO;
				GCC_DYNAMIC_NO_PIC = NO;
				GCC_OPTIMIZATION_LEVEL = 0;
				GCC_PRECOMPILE_PREFIX_HEADER = YES;
				GCC_PREFIX_HEADER = testslider_Prefix.pch;
				INFOPLIST_FILE = "testslider-Info.plist";
				PRODUCT_NAME = testslider;
			};
			name = Debug;
		};
		1D6058950D05DD3E006BFB54 /* Release */ = {
			isa = XCBuildConfiguration;
			buildSettings = {
				ALWAYS_SEARCH_USER_PATHS = NO;
				COPY_PHASE_STRIP = YES;
				GCC_PRECOMPILE_PREFIX_HEADER = YES;
				GCC_PREFIX_HEADER = testslider_Prefix.pch;
				INFOPLIST_FILE = "testslider-Info.plist";
				PRODUCT_NAME = testslider;
				VALIDATE_PRODUCT = YES;
			};
			name = Release;
		};
		C01FCF4F08A954540054247B /* Debug */ = {
			isa = XCBuildConfiguration;
			buildSettings = {
				ARCHS = "$(ARCHS_STANDARD_32_BIT)";
				"CODE_SIGN_IDENTITY[sdk=iphoneos*]" = "iPhone Developer: Laurent Morin (BYQ3NDYGQ7)";
				GCC_C_LANGUAGE_STANDARD = c99;
				GCC_WARN_ABOUT_RETURN_TYPE = YES;
				GCC_WARN_UNUSED_VARIABLE = YES;
				PREBINDING = NO;
				"PROVISIONING_PROFILE[sdk=iphoneos*]" = "850EFFA3-E577-461B-8BB6-625F3889EA0F";
				SDKROOT = iphoneos;
				TARGETED_DEVICE_FAMILY = 2;
			};
			name = Debug;
		};
		C01FCF5008A954540054247B /* Release */ = {
			isa = XCBuildConfiguration;
			buildSettings = {
				ARCHS = "$(ARCHS_STANDARD_32_BIT)";
				"CODE_SIGN_IDENTITY[sdk=iphoneos*]" = "iPhone Developer";
				GCC_C_LANGUAGE_STANDARD = c99;
				GCC_WARN_ABOUT_RETURN_TYPE = YES;
				GCC_WARN_UNUSED_VARIABLE = YES;
				OTHER_CFLAGS = "-DNS_BLOCK_ASSERTIONS=1";
				PREBINDING = NO;
				SDKROOT = iphoneos;
				TARGETED_DEVICE_FAMILY = 2;
			};
			name = Release;
		};
/* End XCBuildConfiguration section */

/* Begin XCConfigurationList section */
		1D6058960D05DD3E006BFB54 /* Build configuration list for PBXNativeTarget "testslider" */ = {
			isa = XCConfigurationList;
			buildConfigurations = (
				1D6058940D05DD3E006BFB54 /* Debug */,
				1D6058950D05DD3E006BFB54 /* Release */,
			);
			defaultConfigurationIsVisible = 0;
			defaultConfigurationName = Release;
		};
		C01FCF4E08A954540054247B /* Build configuration list for PBXProject "testslider" */ = {
			isa = XCConfigurationList;
			buildConfigurations = (
				C01FCF4F08A954540054247B /* Debug */,
				C01FCF5008A954540054247B /* Release */,
			);
			defaultConfigurationIsVisible = 0;
			defaultConfigurationName = Release;
		};
/* End XCConfigurationList section */
	};
	rootObject = 29B97313FDCFA39411CA2CEA /* Project object */;
}
